
Microsoft Visual Studio Solution File, Format Version 12.00
# Visual Studio Version 17
VisualStudioVersion = 17.10.35027.167
MinimumVisualStudioVersion = 10.0.40219.1
Project("{FAE04EC0-301F-11D3-BF4B-00C04F79EFBC}") = "FinalAssignment", "FinalAssignment\FinalAssignment.csproj", "{F9F3EAA9-912D-4E07-8DF2-A06F4D0BBE0E}"
EndProject
Global
	GlobalSection(SolutionConfigurationPlatforms) = preSolution
		Debug|Any CPU = Debug|Any CPU
		Release|Any CPU = Release|Any CPU
	EndGlobalSection
	GlobalSection(ProjectConfigurationPlatforms) = postSolution
		{F9F3EAA9-912D-4E07-8DF2-A06F4D0BBE0E}.Debug|Any CPU.ActiveCfg = Debug|Any CPU
		{F9F3EAA9-912D-4E07-8DF2-A06F4D0BBE0E}.Debug|Any CPU.Build.0 = Debug|Any CPU
		{F9F3EAA9-912D-4E07-8DF2-A06F4D0BBE0E}.Release|Any CPU.ActiveCfg = Release|Any CPU
		{F9F3EAA9-912D-4E07-8DF2-A06F4D0BBE0E}.Release|Any CPU.Build.0 = Release|Any CPU
	EndGlobalSection
	GlobalSection(SolutionProperties) = preSolution
		HideSolutionNode = FALSE
	EndGlobalSection
	GlobalSection(ExtensibilityGlobals) = postSolution
		SolutionGuid = {8AE9A995-3EF3-40E5-B196-4E98001D2D1F}
	EndGlobalSection
EndGlobal
